// !$*UTF8*$!
{
	archiveVersion = 1;
	classes = {
	};
	objectVersion = 46;
	objects = {

/* Begin PBXBuildFile section */
		40602E9A1ED7E4E500744919 /* UIColor+Extension.swift in Sources */ = {isa = PBXBuildFile; fileRef = 40602E991ED7E4E500744919 /* UIColor+Extension.swift */; };
		40602E9C1ED7F25300744919 /* PageContentView.swift in Sources */ = {isa = PBXBuildFile; fileRef = 40602E9B1ED7F25300744919 /* PageContentView.swift */; };
		40602E9E1ED805C500744919 /* RecommendViewController.swift in Sources */ = {isa = PBXBuildFile; fileRef = 40602E9D1ED805C500744919 /* RecommendViewController.swift */; };
		40602EA01ED805D700744919 /* GameViewController.swift in Sources */ = {isa = PBXBuildFile; fileRef = 40602E9F1ED805D700744919 /* GameViewController.swift */; };
		40602EA21ED805FA00744919 /* AmuseViewController.swift in Sources */ = {isa = PBXBuildFile; fileRef = 40602EA11ED805FA00744919 /* AmuseViewController.swift */; };
		40602EA41ED8060800744919 /* FunnyViewController.swift in Sources */ = {isa = PBXBuildFile; fileRef = 40602EA31ED8060800744919 /* FunnyViewController.swift */; };
		40F1DE551ED6A31C00FF3D34 /* AppDelegate.swift in Sources */ = {isa = PBXBuildFile; fileRef = 40F1DE541ED6A31C00FF3D34 /* AppDelegate.swift */; };
		40F1DE5C1ED6A31C00FF3D34 /* Assets.xcassets in Resources */ = {isa = PBXBuildFile; fileRef = 40F1DE5B1ED6A31C00FF3D34 /* Assets.xcassets */; };
		40F1E1631ED7083B00FF3D34 /* Main.storyboard in Resources */ = {isa = PBXBuildFile; fileRef = 40F1E1621ED7083B00FF3D34 /* Main.storyboard */; };
		40F1E1651ED7087C00FF3D34 /* MainViewController.swift in Sources */ = {isa = PBXBuildFile; fileRef = 40F1E1641ED7087C00FF3D34 /* MainViewController.swift */; };
		40F1E1691ED70FE800FF3D34 /* Profile.storyboard in Resources */ = {isa = PBXBuildFile; fileRef = 40F1E1681ED70FE800FF3D34 /* Profile.storyboard */; };
		40F1E16E1ED710EF00FF3D34 /* Live.storyboard in Resources */ = {isa = PBXBuildFile; fileRef = 40F1E16D1ED710EF00FF3D34 /* Live.storyboard */; };
		40F1E1701ED7115500FF3D34 /* Follow.storyboard in Resources */ = {isa = PBXBuildFile; fileRef = 40F1E16F1ED7115500FF3D34 /* Follow.storyboard */; };
		40F1E1721ED7145200FF3D34 /* Common.swift in Sources */ = {isa = PBXBuildFile; fileRef = 40F1E1711ED7145200FF3D34 /* Common.swift */; };
		40F1E1761ED7173C00FF3D34 /* UIBarButtonItem+Extension.swift in Sources */ = {isa = PBXBuildFile; fileRef = 40F1E1751ED7173C00FF3D34 /* UIBarButtonItem+Extension.swift */; };
		40F1E17A1ED71AD400FF3D34 /* Home.storyboard in Resources */ = {isa = PBXBuildFile; fileRef = 40F1E1781ED71AD400FF3D34 /* Home.storyboard */; };
		40F1E17B1ED71AD400FF3D34 /* HomeViewController.swift in Sources */ = {isa = PBXBuildFile; fileRef = 40F1E1791ED71AD400FF3D34 /* HomeViewController.swift */; };
		40F1E17F1ED71B0700FF3D34 /* PageTitleView.swift in Sources */ = {isa = PBXBuildFile; fileRef = 40F1E17E1ED71B0700FF3D34 /* PageTitleView.swift */; };
/* End PBXBuildFile section */

/* Begin PBXFileReference section */
		40602E991ED7E4E500744919 /* UIColor+Extension.swift */ = {isa = PBXFileReference; fileEncoding = 4; lastKnownFileType = sourcecode.swift; path = "UIColor+Extension.swift"; sourceTree = "<group>"; };
		40602E9B1ED7F25300744919 /* PageContentView.swift */ = {isa = PBXFileReference; fileEncoding = 4; lastKnownFileType = sourcecode.swift; path = PageContentView.swift; sourceTree = "<group>"; };
		40602E9D1ED805C500744919 /* RecommendViewController.swift */ = {isa = PBXFileReference; fileEncoding = 4; lastKnownFileType = sourcecode.swift; path = RecommendViewController.swift; sourceTree = "<group>"; };
		40602E9F1ED805D700744919 /* GameViewController.swift */ = {isa = PBXFileReference; fileEncoding = 4; lastKnownFileType = sourcecode.swift; path = GameViewController.swift; sourceTree = "<group>"; };
		40602EA11ED805FA00744919 /* AmuseViewController.swift */ = {isa = PBXFileReference; fileEncoding = 4; lastKnownFileType = sourcecode.swift; path = AmuseViewController.swift; sourceTree = "<group>"; };
		40602EA31ED8060800744919 /* FunnyViewController.swift */ = {isa = PBXFileReference; fileEncoding = 4; lastKnownFileType = sourcecode.swift; path = FunnyViewController.swift; sourceTree = "<group>"; };
		40F1DE511ED6A31C00FF3D34 /* DYZB.app */ = {isa = PBXFileReference; explicitFileType = wrapper.application; includeInIndex = 0; path = DYZB.app; sourceTree = BUILT_PRODUCTS_DIR; };
		40F1DE541ED6A31C00FF3D34 /* AppDelegate.swift */ = {isa = PBXFileReference; lastKnownFileType = sourcecode.swift; path = AppDelegate.swift; sourceTree = "<group>"; };
		40F1DE5B1ED6A31C00FF3D34 /* Assets.xcassets */ = {isa = PBXFileReference; lastKnownFileType = folder.assetcatalog; path = Assets.xcassets; sourceTree = "<group>"; };
		40F1DE601ED6A31C00FF3D34 /* Info.plist */ = {isa = PBXFileReference; lastKnownFileType = text.plist.xml; path = Info.plist; sourceTree = "<group>"; };
		40F1E1621ED7083B00FF3D34 /* Main.storyboard */ = {isa = PBXFileReference; fileEncoding = 4; lastKnownFileType = file.storyboard; path = Main.storyboard; sourceTree = "<group>"; };
		40F1E1641ED7087C00FF3D34 /* MainViewController.swift */ = {isa = PBXFileReference; fileEncoding = 4; lastKnownFileType = sourcecode.swift; path = MainViewController.swift; sourceTree = "<group>"; };
		40F1E1681ED70FE800FF3D34 /* Profile.storyboard */ = {isa = PBXFileReference; fileEncoding = 4; lastKnownFileType = file.storyboard; name = Profile.storyboard; path = ../Main/Controller/Profile.storyboard; sourceTree = "<group>"; };
		40F1E16D1ED710EF00FF3D34 /* Live.storyboard */ = {isa = PBXFileReference; fileEncoding = 4; lastKnownFileType = file.storyboard; path = Live.storyboard; sourceTree = "<group>"; };
		40F1E16F1ED7115500FF3D34 /* Follow.storyboard */ = {isa = PBXFileReference; fileEncoding = 4; lastKnownFileType = file.storyboard; path = Follow.storyboard; sourceTree = "<group>"; };
		40F1E1711ED7145200FF3D34 /* Common.swift */ = {isa = PBXFileReference; fileEncoding = 4; lastKnownFileType = sourcecode.swift; path = Common.swift; sourceTree = "<group>"; };
		40F1E1751ED7173C00FF3D34 /* UIBarButtonItem+Extension.swift */ = {isa = PBXFileReference; fileEncoding = 4; lastKnownFileType = sourcecode.swift; path = "UIBarButtonItem+Extension.swift"; sourceTree = "<group>"; };
		40F1E1781ED71AD400FF3D34 /* Home.storyboard */ = {isa = PBXFileReference; fileEncoding = 4; lastKnownFileType = file.storyboard; path = Home.storyboard; sourceTree = "<group>"; };
		40F1E1791ED71AD400FF3D34 /* HomeViewController.swift */ = {isa = PBXFileReference; fileEncoding = 4; lastKnownFileType = sourcecode.swift; path = HomeViewController.swift; sourceTree = "<group>"; };
		40F1E17E1ED71B0700FF3D34 /* PageTitleView.swift */ = {isa = PBXFileReference; fileEncoding = 4; lastKnownFileType = sourcecode.swift; path = PageTitleView.swift; sourceTree = "<group>"; };
/* End PBXFileReference section */

/* Begin PBXFrameworksBuildPhase section */
		40F1DE4E1ED6A31C00FF3D34 /* Frameworks */ = {
			isa = PBXFrameworksBuildPhase;
			buildActionMask = 2147483647;
			files = (
			);
			runOnlyForDeploymentPostprocessing = 0;
		};
/* End PBXFrameworksBuildPhase section */

/* Begin PBXGroup section */
		40F1DE481ED6A31C00FF3D34 = {
			isa = PBXGroup;
			children = (
				40F1DE531ED6A31C00FF3D34 /* DYZB */,
				40F1DE521ED6A31C00FF3D34 /* Products */,
			);
			sourceTree = "<group>";
		};
		40F1DE521ED6A31C00FF3D34 /* Products */ = {
			isa = PBXGroup;
			children = (
				40F1DE511ED6A31C00FF3D34 /* DYZB.app */,
			);
			name = Products;
			sourceTree = "<group>";
		};
		40F1DE531ED6A31C00FF3D34 /* DYZB */ = {
			isa = PBXGroup;
			children = (
				40F1DE6B1ED6A62C00FF3D34 /* Tools */,
				40F1DE661ED6A62C00FF3D34 /* Classes */,
				40F1DE541ED6A31C00FF3D34 /* AppDelegate.swift */,
				40F1DE5B1ED6A31C00FF3D34 /* Assets.xcassets */,
				40F1DE601ED6A31C00FF3D34 /* Info.plist */,
			);
			path = DYZB;
			sourceTree = "<group>";
		};
		40F1DE661ED6A62C00FF3D34 /* Classes */ = {
			isa = PBXGroup;
			children = (
				40F1E16C1ED710E000FF3D34 /* Live */,
				40F1DE671ED6A62C00FF3D34 /* Follow */,
				40F1DE681ED6A62C00FF3D34 /* Home */,
				40F1DE691ED6A62C00FF3D34 /* Main */,
				40F1DE6A1ED6A62C00FF3D34 /* Profile */,
			);
			path = Classes;
			sourceTree = "<group>";
		};
		40F1DE671ED6A62C00FF3D34 /* Follow */ = {
			isa = PBXGroup;
			children = (
				40F1E16F1ED7115500FF3D34 /* Follow.storyboard */,
			);
			path = Follow;
			sourceTree = "<group>";
		};
		40F1DE681ED6A62C00FF3D34 /* Home */ = {
			isa = PBXGroup;
			children = (
				40F1E17C1ED71AD900FF3D34 /* model */,
				40F1E17D1ED71AD900FF3D34 /* view */,
				40F1E1771ED71AD400FF3D34 /* ViewControll */,
			);
			path = Home;
			sourceTree = "<group>";
		};
		40F1DE691ED6A62C00FF3D34 /* Main */ = {
			isa = PBXGroup;
			children = (
				40F1E1611ED707EC00FF3D34 /* ViewModel */,
				40F1E1601ED707EC00FF3D34 /* Model */,
				40F1E15F1ED707EC00FF3D34 /* View */,
				40F1E15E1ED707EC00FF3D34 /* Controller */,
			);
			path = Main;
			sourceTree = "<group>";
		};
		40F1DE6A1ED6A62C00FF3D34 /* Profile */ = {
			isa = PBXGroup;
			children = (
				40F1E1681ED70FE800FF3D34 /* Profile.storyboard */,
			);
			path = Profile;
			sourceTree = "<group>";
		};
		40F1DE6B1ED6A62C00FF3D34 /* Tools */ = {
			isa = PBXGroup;
			children = (
				40F1E15D1ED7074300FF3D34 /* Extension */,
				40F1E1711ED7145200FF3D34 /* Common.swift */,
			);
			name = Tools;
			path = Classes/Tools;
			sourceTree = "<group>";
		};
		40F1E15D1ED7074300FF3D34 /* Extension */ = {
			isa = PBXGroup;
			children = (
				40F1E1751ED7173C00FF3D34 /* UIBarButtonItem+Extension.swift */,
				40602E991ED7E4E500744919 /* UIColor+Extension.swift */,
			);
			path = Extension;
			sourceTree = "<group>";
		};
		40F1E15E1ED707EC00FF3D34 /* Controller */ = {
			isa = PBXGroup;
			children = (
				40F1E1621ED7083B00FF3D34 /* Main.storyboard */,
				40F1E1641ED7087C00FF3D34 /* MainViewController.swift */,
			);
			path = Controller;
			sourceTree = "<group>";
		};
		40F1E15F1ED707EC00FF3D34 /* View */ = {
			isa = PBXGroup;
			children = (
			);
			path = View;
			sourceTree = "<group>";
		};
		40F1E1601ED707EC00FF3D34 /* Model */ = {
			isa = PBXGroup;
			children = (
			);
			path = Model;
			sourceTree = "<group>";
		};
		40F1E1611ED707EC00FF3D34 /* ViewModel */ = {
			isa = PBXGroup;
			children = (
			);
			path = ViewModel;
			sourceTree = "<group>";
		};
		40F1E16C1ED710E000FF3D34 /* Live */ = {
			isa = PBXGroup;
			children = (
				40F1E16D1ED710EF00FF3D34 /* Live.storyboard */,
			);
			path = Live;
			sourceTree = "<group>";
		};
		40F1E1771ED71AD400FF3D34 /* ViewControll */ = {
			isa = PBXGroup;
			children = (
				40F1E1781ED71AD400FF3D34 /* Home.storyboard */,
				40F1E1791ED71AD400FF3D34 /* HomeViewController.swift */,
				40602E9D1ED805C500744919 /* RecommendViewController.swift */,
				40602E9F1ED805D700744919 /* GameViewController.swift */,
				40602EA11ED805FA00744919 /* AmuseViewController.swift */,
				40602EA31ED8060800744919 /* FunnyViewController.swift */,
			);
			path = ViewControll;
			sourceTree = "<group>";
		};
		40F1E17C1ED71AD900FF3D34 /* model */ = {
			isa = PBXGroup;
			children = (
			);
			path = model;
			sourceTree = "<group>";
		};
		40F1E17D1ED71AD900FF3D34 /* view */ = {
			isa = PBXGroup;
			children = (
				40F1E17E1ED71B0700FF3D34 /* PageTitleView.swift */,
				40602E9B1ED7F25300744919 /* PageContentView.swift */,
			);
			path = view;
			sourceTree = "<group>";
		};
/* End PBXGroup section */

/* Begin PBXNativeTarget section */
		40F1DE501ED6A31C00FF3D34 /* DYZB */ = {
			isa = PBXNativeTarget;
			buildConfigurationList = 40F1DE631ED6A31C00FF3D34 /* Build configuration list for PBXNativeTarget "DYZB" */;
			buildPhases = (
				40F1DE4D1ED6A31C00FF3D34 /* Sources */,
				40F1DE4E1ED6A31C00FF3D34 /* Frameworks */,
				40F1DE4F1ED6A31C00FF3D34 /* Resources */,
			);
			buildRules = (
			);
			dependencies = (
			);
			name = DYZB;
			productName = DYZB;
			productReference = 40F1DE511ED6A31C00FF3D34 /* DYZB.app */;
			productType = "com.apple.product-type.application";
		};
/* End PBXNativeTarget section */

/* Begin PBXProject section */
		40F1DE491ED6A31C00FF3D34 /* Project object */ = {
			isa = PBXProject;
			attributes = {
				LastSwiftUpdateCheck = 0830;
				LastUpgradeCheck = 0830;
				ORGANIZATIONNAME = supin;
				TargetAttributes = {
					40F1DE501ED6A31C00FF3D34 = {
						CreatedOnToolsVersion = 8.3.2;
						DevelopmentTeam = 476ZC5SZQ6;
						ProvisioningStyle = Automatic;
					};
				};
			};
			buildConfigurationList = 40F1DE4C1ED6A31C00FF3D34 /* Build configuration list for PBXProject "DYZB" */;
			compatibilityVersion = "Xcode 3.2";
			developmentRegion = English;
			hasScannedForEncodings = 0;
			knownRegions = (
				en,
				Base,
			);
			mainGroup = 40F1DE481ED6A31C00FF3D34;
			productRefGroup = 40F1DE521ED6A31C00FF3D34 /* Products */;
			projectDirPath = "";
			projectRoot = "";
			targets = (
				40F1DE501ED6A31C00FF3D34 /* DYZB */,
			);
		};
/* End PBXProject section */

/* Begin PBXResourcesBuildPhase section */
		40F1DE4F1ED6A31C00FF3D34 /* Resources */ = {
			isa = PBXResourcesBuildPhase;
			buildActionMask = 2147483647;
			files = (
				40F1DE5C1ED6A31C00FF3D34 /* Assets.xcassets in Resources */,
				40F1E16E1ED710EF00FF3D34 /* Live.storyboard in Resources */,
				40F1E1631ED7083B00FF3D34 /* Main.storyboard in Resources */,
				40F1E17A1ED71AD400FF3D34 /* Home.storyboard in Resources */,
				40F1E1691ED70FE800FF3D34 /* Profile.storyboard in Resources */,
				40F1E1701ED7115500FF3D34 /* Follow.storyboard in Resources */,
			);
			runOnlyForDeploymentPostprocessing = 0;
		};
/* End PBXResourcesBuildPhase section */

/* Begin PBXSourcesBuildPhase section */
		40F1DE4D1ED6A31C00FF3D34 /* Sources */ = {
			isa = PBXSourcesBuildPhase;
			buildActionMask = 2147483647;
			files = (
				40602EA01ED805D700744919 /* GameViewController.swift in Sources */,
				40F1E17F1ED71B0700FF3D34 /* PageTitleView.swift in Sources */,
				40602E9A1ED7E4E500744919 /* UIColor+Extension.swift in Sources */,
				40602E9E1ED805C500744919 /* RecommendViewController.swift in Sources */,
				40F1E17B1ED71AD400FF3D34 /* HomeViewController.swift in Sources */,
				40602E9C1ED7F25300744919 /* PageContentView.swift in Sources */,
				40F1DE551ED6A31C00FF3D34 /* AppDelegate.swift in Sources */,
				40F1E1721ED7145200FF3D34 /* Common.swift in Sources */,
				40F1E1761ED7173C00FF3D34 /* UIBarButtonItem+Extension.swift in Sources */,
				40602EA21ED805FA00744919 /* AmuseViewController.swift in Sources */,
				40F1E1651ED7087C00FF3D34 /* MainViewController.swift in Sources */,
				40602EA41ED8060800744919 /* FunnyViewController.swift in Sources */,
			);
			runOnlyForDeploymentPostprocessing = 0;
		};
/* End PBXSourcesBuildPhase section */

/* Begin XCBuildConfiguration section */
		40F1DE611ED6A31C00FF3D34 /* Debug */ = {
			isa = XCBuildConfiguration;
			buildSettings = {
				ALWAYS_SEARCH_USER_PATHS = NO;
				CLANG_ANALYZER_NONNULL = YES;
				CLANG_ANALYZER_NUMBER_OBJECT_CONVERSION = YES_AGGRESSIVE;
				CLANG_CXX_LANGUAGE_STANDARD = "gnu++0x";
				CLANG_CXX_LIBRARY = "libc++";
				CLANG_ENABLE_MODULES = YES;
				CLANG_ENABLE_OBJC_ARC = YES;
				CLANG_WARN_BOOL_CONVERSION = YES;
				CLANG_WARN_CONSTANT_CONVERSION = YES;
				CLANG_WARN_DIRECT_OBJC_ISA_USAGE = YES_ERROR;
				CLANG_WARN_DOCUMENTATION_COMMENTS = YES;
				CLANG_WARN_EMPTY_BODY = YES;
				CLANG_WARN_ENUM_CONVERSION = YES;
				CLANG_WARN_INFINITE_RECURSION = YES;
				CLANG_WARN_INT_CONVERSION = YES;
				CLANG_WARN_OBJC_ROOT_CLASS = YES_ERROR;
				CLANG_WARN_SUSPICIOUS_MOVE = YES;
				CLANG_WARN_UNREACHABLE_CODE = YES;
				CLANG_WARN__DUPLICATE_METHOD_MATCH = YES;
				"CODE_SIGN_IDENTITY[sdk=iphoneos*]" = "iPhone Developer";
				COPY_PHASE_STRIP = NO;
				DEBUG_INFORMATION_FORMAT = dwarf;
				ENABLE_STRICT_OBJC_MSGSEND = YES;
				ENABLE_TESTABILITY = YES;
				GCC_C_LANGUAGE_STANDARD = gnu99;
				GCC_DYNAMIC_NO_PIC = NO;
				GCC_NO_COMMON_BLOCKS = YES;
				GCC_OPTIMIZATION_LEVEL = 0;
				GCC_PREPROCESSOR_DEFINITIONS = (
					"DEBUG=1",
					"$(inherited)",
				);
				GCC_WARN_64_TO_32_BIT_CONVERSION = YES;
				GCC_WARN_ABOUT_RETURN_TYPE = YES_ERROR;
				GCC_WARN_UNDECLARED_SELECTOR = YES;
				GCC_WARN_UNINITIALIZED_AUTOS = YES_AGGRESSIVE;
				GCC_WARN_UNUSED_FUNCTION = YES;
				GCC_WARN_UNUSED_VARIABLE = YES;
				IPHONEOS_DEPLOYMENT_TARGET = 10.3;
				MTL_ENABLE_DEBUG_INFO = YES;
				ONLY_ACTIVE_ARCH = YES;
				SDKROOT = iphoneos;
				SWIFT_ACTIVE_COMPILATION_CONDITIONS = DEBUG;
				SWIFT_OPTIMIZATION_LEVEL = "-Onone";
			};
			name = Debug;
		};
		40F1DE621ED6A31C00FF3D34 /* Release */ = {
			isa = XCBuildConfiguration;
			buildSettings = {
				ALWAYS_SEARCH_USER_PATHS = NO;
				CLANG_ANALYZER_NONNULL = YES;
				CLANG_ANALYZER_NUMBER_OBJECT_CONVERSION = YES_AGGRESSIVE;
				CLANG_CXX_LANGUAGE_STANDARD = "gnu++0x";
				CLANG_CXX_LIBRARY = "libc++";
				CLANG_ENABLE_MODULES = YES;
				CLANG_ENABLE_OBJC_ARC = YES;
				CLANG_WARN_BOOL_CONVERSION = YES;
				CLANG_WARN_CONSTANT_CONVERSION = YES;
				CLANG_WARN_DIRECT_OBJC_ISA_USAGE = YES_ERROR;
				CLANG_WARN_DOCUMENTATION_COMMENTS = YES;
				CLANG_WARN_EMPTY_BODY = YES;
				CLANG_WARN_ENUM_CONVERSION = YES;
				CLANG_WARN_INFINITE_RECURSION = YES;
				CLANG_WARN_INT_CONVERSION = YES;
				CLANG_WARN_OBJC_ROOT_CLASS = YES_ERROR;
				CLANG_WARN_SUSPICIOUS_MOVE = YES;
				CLANG_WARN_UNREACHABLE_CODE = YES;
				CLANG_WARN__DUPLICATE_METHOD_MATCH = YES;
				"CODE_SIGN_IDENTITY[sdk=iphoneos*]" = "iPhone Developer";
				COPY_PHASE_STRIP = NO;
				DEBUG_INFORMATION_FORMAT = "dwarf-with-dsym";
				ENABLE_NS_ASSERTIONS = NO;
				ENABLE_STRICT_OBJC_MSGSEND = YES;
				GCC_C_LANGUAGE_STANDARD = gnu99;
				GCC_NO_COMMON_BLOCKS = YES;
				GCC_WARN_64_TO_32_BIT_CONVERSION = YES;
				GCC_WARN_ABOUT_RETURN_TYPE = YES_ERROR;
				GCC_WARN_UNDECLARED_SELECTOR = YES;
				GCC_WARN_UNINITIALIZED_AUTOS = YES_AGGRESSIVE;
				GCC_WARN_UNUSED_FUNCTION = YES;
				GCC_WARN_UNUSED_VARIABLE = YES;
				IPHONEOS_DEPLOYMENT_TARGET = 10.3;
				MTL_ENABLE_DEBUG_INFO = NO;
				SDKROOT = iphoneos;
				SWIFT_OPTIMIZATION_LEVEL = "-Owholemodule";
				VALIDATE_PRODUCT = YES;
			};
			name = Release;
		};
		40F1DE641ED6A31C00FF3D34 /* Debug */ = {
			isa = XCBuildConfiguration;
			buildSettings = {
				ASSETCATALOG_COMPILER_APPICON_NAME = AppIcon;
				ASSETCATALOG_COMPILER_LAUNCHIMAGE_NAME = LaunchImage;
				DEVELOPMENT_TEAM = 476ZC5SZQ6;
				INFOPLIST_FILE = DYZB/Info.plist;
				IPHONEOS_DEPLOYMENT_TARGET = 9.0;
				LD_RUNPATH_SEARCH_PATHS = "$(inherited) @executable_path/Frameworks";
				PRODUCT_BUNDLE_IDENTIFIER = com.supin.DYZB;
				PRODUCT_NAME = "$(TARGET_NAME)";
				SWIFT_VERSION = 3.0;
			};
			name = Debug;
		};
		40F1DE651ED6A31C00FF3D34 /* Release */ = {
			isa = XCBuildConfiguration;
			buildSettings = {
				ASSETCATALOG_COMPILER_APPICON_NAME = AppIcon;
				ASSETCATALOG_COMPILER_LAUNCHIMAGE_NAME = LaunchImage;
				DEVELOPMENT_TEAM = 476ZC5SZQ6;
				INFOPLIST_FILE = DYZB/Info.plist;
				IPHONEOS_DEPLOYMENT_TARGET = 9.0;
				LD_RUNPATH_SEARCH_PATHS = "$(inherited) @executable_path/Frameworks";
				PRODUCT_BUNDLE_IDENTIFIER = com.supin.DYZB;
				PRODUCT_NAME = "$(TARGET_NAME)";
				SWIFT_VERSION = 3.0;
			};
			name = Release;
		};
/* End XCBuildConfiguration section */

/* Begin XCConfigurationList section */
		40F1DE4C1ED6A31C00FF3D34 /* Build configuration list for PBXProject "DYZB" */ = {
			isa = XCConfigurationList;
			buildConfigurations = (
				40F1DE611ED6A31C00FF3D34 /* Debug */,
				40F1DE621ED6A31C00FF3D34 /* Release */,
			);
			defaultConfigurationIsVisible = 0;
			defaultConfigurationName = Release;
		};
		40F1DE631ED6A31C00FF3D34 /* Build configuration list for PBXNativeTarget "DYZB" */ = {
			isa = XCConfigurationList;
			buildConfigurations = (
				40F1DE641ED6A31C00FF3D34 /* Debug */,
				40F1DE651ED6A31C00FF3D34 /* Release */,
			);
			defaultConfigurationIsVisible = 0;
			defaultConfigurationName = Release;
		};
/* End XCConfigurationList section */
	};
	rootObject = 40F1DE491ED6A31C00FF3D34 /* Project object */;
}
